Microsoft Visual Studio Solution File, Format Version 12.00
# Visual Studio Version 17
VisualStudioVersion = 17.13.35828.75
MinimumVisualStudioVersion = 10.0.40219.1
Project("{FAE04EC0-301F-11D3-BF4B-00C04F79EFBC}") = "Generator", "Generator\Generator.csproj", "{7D150BBD-CBB9-4BF2-9EC4-827796AF837F}"
EndProject
Project("{FAE04EC0-301F-11D3-BF4B-00C04F79EFBC}") = "TestProject", "TestProject\TestProject.csproj", "{EA920748-262C-416F-9577-B11FE21497C8}"
EndProject
Global
	GlobalSection(SolutionConfigurationPlatforms) = preSolution
		Debug|Any CPU = Debug|Any CPU
		Release|Any CPU = Release|Any CPU
	EndGlobalSection
	GlobalSection(ProjectConfigurationPlatforms) = postSolution
		{7D150BBD-CBB9-4BF2-9EC4-827796AF837F}.Debug|Any CPU.ActiveCfg = Debug|Any CPU
		{7D150BBD-CBB9-4BF2-9EC4-827796AF837F}.Debug|Any CPU.Build.0 = Debug|Any CPU
		{7D150BBD-CBB9-4BF2-9EC4-827796AF837F}.Release|Any CPU.ActiveCfg = Release|Any CPU
		{7D150BBD-CBB9-4BF2-9EC4-827796AF837F}.Release|Any CPU.Build.0 = Release|Any CPU
		{EA920748-262C-416F-9577-B11FE21497C8}.Debug|Any CPU.ActiveCfg = Debug|Any CPU
		{EA920748-262C-416F-9577-B11FE21497C8}.Debug|Any CPU.Build.0 = Debug|Any CPU
		{EA920748-262C-416F-9577-B11FE21497C8}.Release|Any CPU.ActiveCfg = Release|Any CPU
		{EA920748-262C-416F-9577-B11FE21497C8}.Release|Any CPU.Build.0 = Release|Any CPU
	EndGlobalSection
	GlobalSection(SolutionProperties) = preSolution
		HideSolutionNode = FALSE
	EndGlobalSection
	GlobalSection(ExtensibilityGlobals) = postSolution
		SolutionGuid = {D5BE1BE3-26AC-4A3D-85B1-8EAE440FAF20}
	EndGlobalSection
EndGlobal
